
Microsoft Visual Studio Solution File, Format Version 12.00
# Visual Studio Version 16
VisualStudioVersion = 16.0.31515.178
MinimumVisualStudioVersion = 10.0.40219.1
Project("{FAE04EC0-301F-11D3-BF4B-00C04F79EFBC}") = "MurderMystery", "MurderMystery.csproj", "{282C7F17-2D93-4AED-A6A9-BB234DE359EA}"
EndProject
Global
	GlobalSection(SolutionConfigurationPlatforms) = preSolution
		Debug|Any CPU = Debug|Any CPU
		Release|Any CPU = Release|Any CPU
	EndGlobalSection
	GlobalSection(ProjectConfigurationPlatforms) = postSolution
		{282C7F17-2D93-4AED-A6A9-BB234DE359EA}.Debug|Any CPU.ActiveCfg = Debug|Any CPU
		{282C7F17-2D93-4AED-A6A9-BB234DE359EA}.Debug|Any CPU.Build.0 = Debug|Any CPU
		{282C7F17-2D93-4AED-A6A9-BB234DE359EA}.Release|Any CPU.ActiveCfg = Release|Any CPU
		{282C7F17-2D93-4AED-A6A9-BB234DE359EA}.Release|Any CPU.Build.0 = Release|Any CPU
	EndGlobalSection
	GlobalSection(SolutionProperties) = preSolution
		HideSolutionNode = FALSE
	EndGlobalSection
	GlobalSection(ExtensibilityGlobals) = postSolution
		SolutionGuid = {74DBF49E-53A2-4D91-BDF4-730F96BF8E96}
	EndGlobalSection
EndGlobal
